
Microsoft Visual Studio Solution File, Format Version 12.00
# Visual Studio 14
VisualStudioVersion = 14.0.25420.1
MinimumVisualStudioVersion = 10.0.40219.1
Project("{FAE04EC0-301F-11D3-BF4B-00C04F79EFBC}") = "Shimenawa", "src\Shimenawa\Shimenawa.csproj", "{5DA1CDFE-4206-4EBF-9891-FEB76C47627C}"
EndProject
Project("{2150E333-8FDC-42A3-9474-1A3956D46DE8}") = "docs", "docs", "{CF5D5EBE-45AE-4F05-BF3E-18765BB91E7C}"
	ProjectSection(SolutionItems) = preProject
		API.md = API.md
		README.md = README.md
	EndProjectSection
EndProject
Global
	GlobalSection(SolutionConfigurationPlatforms) = preSolution
		Debug|Any CPU = Debug|Any CPU
		Release|Any CPU = Release|Any CPU
	EndGlobalSection
	GlobalSection(ProjectConfigurationPlatforms) = postSolution
		{5DA1CDFE-4206-4EBF-9891-FEB76C47627C}.Debug|Any CPU.ActiveCfg = Debug|Any CPU
		{5DA1CDFE-4206-4EBF-9891-FEB76C47627C}.Debug|Any CPU.Build.0 = Debug|Any CPU
		{5DA1CDFE-4206-4EBF-9891-FEB76C47627C}.Release|Any CPU.ActiveCfg = Release|Any CPU
		{5DA1CDFE-4206-4EBF-9891-FEB76C47627C}.Release|Any CPU.Build.0 = Release|Any CPU
	EndGlobalSection
	GlobalSection(SolutionProperties) = preSolution
		HideSolutionNode = FALSE
	EndGlobalSection
EndGlobal
